version = 1
requires-python = ">=3.13"

[[package]]
name = "gitdb"
version = "4.0.11"
source = { registry = "https://pypi.org/simple" }
dependencies = [
    { name = "smmap" },
]
sdist = { url = "https://files.pythonhosted.org/packages/19/0d/bbb5b5ee188dec84647a4664f3e11b06ade2bde568dbd489d9d64adef8ed/gitdb-4.0.11.tar.gz", hash = "sha256:bf5421126136d6d0af55bc1e7c1af1c397a34f5b7bd79e776cd3e89785c2b04b", size = 394469 }
wheels = [
    { url = "https://files.pythonhosted.org/packages/fd/5b/8f0c4a5bb9fd491c277c21eff7ccae71b47d43c4446c9d0c6cff2fe8c2c4/gitdb-4.0.11-py3-none-any.whl", hash = "sha256:81a3407ddd2ee8df444cbacea00e2d038e40150acfa3001696fe0dcf1d3adfa4", size = 62721 },
]

[[package]]
name = "gitpython"
version = "3.1.43"
source = { registry = "https://pypi.org/simple" }
dependencies = [
    { name = "gitdb" },
]
sdist = { url = "https://files.pythonhosted.org/packages/b6/a1/106fd9fa2dd989b6fb36e5893961f82992cf676381707253e0bf93eb1662/GitPython-3.1.43.tar.gz", hash = "sha256:35f314a9f878467f5453cc1fee295c3e18e52f1b99f10f6cf5b1682e968a9e7c", size = 214149 }
wheels = [
    { url = "https://files.pythonhosted.org/packages/e9/bd/cc3a402a6439c15c3d4294333e13042b915bbeab54edc457c723931fed3f/GitPython-3.1.43-py3-none-any.whl", hash = "sha256:eec7ec56b92aad751f9912a73404bc02ba212a23adb2c7098ee668417051a1ff", size = 207337 },
]

[[package]]
name = "pyobjc-core"
version = "10.3.1"
source = { registry = "https://pypi.org/simple" }
sdist = { url = "https://files.pythonhosted.org/packages/b7/40/a38d78627bd882d86c447db5a195ff307001ae02c1892962c656f2fd6b83/pyobjc_core-10.3.1.tar.gz", hash = "sha256:b204a80ccc070f9ab3f8af423a3a25a6fd787e228508d00c4c30f8ac538ba720", size = 935027 }
wheels = [
    { url = "https://files.pythonhosted.org/packages/2e/8b/341571ac5d625968083cbd718e1af7eac54197ed3d404dfff9467c3a8c88/pyobjc_core-10.3.1-cp313-cp313-macosx_10_13_universal2.whl", hash = "sha256:2581e8e68885bcb0e11ec619e81ef28e08ee3fac4de20d8cc83bc5af5bcf4a90", size = 827410 },
]

[[package]]
name = "pyobjc-framework-cocoa"
version = "10.3.1"
source = { registry = "https://pypi.org/simple" }
dependencies = [
    { name = "pyobjc-core" },
]
sdist = { url = "https://files.pythonhosted.org/packages/a7/6c/b62e31e6e00f24e70b62f680e35a0d663ba14ff7601ae591b5d20e251161/pyobjc_framework_cocoa-10.3.1.tar.gz", hash = "sha256:1cf20714daaa986b488fb62d69713049f635c9d41a60c8da97d835710445281a", size = 4941542 }
wheels = [
    { url = "https://files.pythonhosted.org/packages/93/1f/b203c35ac17ff50b101433783988b527c1b7d7386c175c9aec1c89da5426/pyobjc_framework_Cocoa-10.3.1-cp313-cp313-macosx_10_13_universal2.whl", hash = "sha256:de5e62e5ccf2871a94acf3bf79646b20ea893cc9db78afa8d1fe1b0d0f7cbdb0", size = 395004 },
]

[[package]]
name = "rumps"
version = "0.4.0"
source = { registry = "https://pypi.org/simple" }
dependencies = [
    { name = "pyobjc-framework-cocoa" },
]
sdist = { url = "https://files.pythonhosted.org/packages/b2/e2/2e6a47951290bd1a2831dcc50aec4b25d104c0cf00e8b7868cbd29cf3bfe/rumps-0.4.0.tar.gz", hash = "sha256:17fb33c21b54b1e25db0d71d1d793dc19dc3c0b7d8c79dc6d833d0cffc8b1596", size = 39257 }

[[package]]
name = "smmap"
version = "5.0.1"
source = { registry = "https://pypi.org/simple" }
sdist = { url = "https://files.pythonhosted.org/packages/88/04/b5bf6d21dc4041000ccba7eb17dd3055feb237e7ffc2c20d3fae3af62baa/smmap-5.0.1.tar.gz", hash = "sha256:dceeb6c0028fdb6734471eb07c0cd2aae706ccaecab45965ee83f11c8d3b1f62", size = 22291 }
wheels = [
    { url = "https://files.pythonhosted.org/packages/a7/a5/10f97f73544edcdef54409f1d839f6049a0d79df68adbc1ceb24d1aaca42/smmap-5.0.1-py3-none-any.whl", hash = "sha256:e6d8668fa5f93e706934a62d7b4db19c8d9eb8cf2adbb75ef1b675aa332b69da", size = 24282 },
]

[[package]]
name = "valhalla"
version = "0.1.0"
source = { virtual = "." }
dependencies = [
    { name = "gitpython" },
    { name = "rumps" },
]

[package.metadata]
requires-dist = [
    { name = "gitpython", specifier = ">=3.1.43" },
    { name = "rumps", specifier = ">=0.4.0" },
]
